schema: '2.0'
stages:
  build:
    cmd: python setup.py build_ext --inplace
    deps:
    - path: interaction
      hash: md5
      md5: e0d064637051442006be687076045fca.dir
      size: 11141
      nfiles: 8
    outs:
    - path: build/lib.linux-aarch64-cpython-311/
      hash: md5
      md5: 10b05d6ab75bccb784058898f01e4c38.dir
      size: 1204024
      nfiles: 1
  blobnbc:
    cmd: bash ../nbconvert.sh blob.ipynb blob.py
    deps:
    - path: ../nbconvert.sh
      hash: md5
      md5: f70ecfab428722e30093706428318569
      size: 216
    - path: blob.ipynb
      hash: md5
      md5: 7d62cc3f5aecdeecc39ffc4ea2d013bf
      size: 9026
    outs:
    - path: blob.py
      hash: md5
      md5: 37b936400d48a4dd87b4279b9bb520ff
      size: 4460
  blob2smallnbc:
    cmd: bash ../nbconvert.sh blob2_small.ipynb blob2_small.py
    deps:
    - path: ../nbconvert.sh
      hash: md5
      md5: f70ecfab428722e30093706428318569
      size: 216
    - path: blob2_small.ipynb
      hash: md5
      md5: f74e782461562cbbb1a3f336d00f2167
      size: 3905
    outs:
    - path: blob2_small.py
      hash: md5
      md5: 2af8119a093d23c152a5e33bcf7f5555
      size: 1484
  placementnbc:
    cmd: bash ../nbconvert.sh placement.ipynb placement.py
    deps:
    - path: ../nbconvert.sh
      hash: md5
      md5: f70ecfab428722e30093706428318569
      size: 216
    - path: placement.ipynb
      hash: md5
      md5: 22907d00b75a3cced4a890985f8e42a8
      size: 13391
    outs:
    - path: placement.py
      hash: md5
      md5: bba95994d90b7ff03db1c0520d66056b
      size: 8128
  blobrun:
    cmd: export STAGE=run && python blob.py
    deps:
    - path: ../spqubolib/spqubolib/
      hash: md5
      md5: 9bd5ba508e242b152f1e60d67a6155e7.dir
      size: 3527192
      nfiles: 37
    - path: blob.py
      hash: md5
      md5: 37b936400d48a4dd87b4279b9bb520ff
      size: 4460
    - path: blob_experiment.py
      hash: md5
      md5: a9a380869e8b8cff47a8289f070c8a97
      size: 8834
    outs:
    - path: run/
      hash: md5
      md5: 3f12c9f700321fda41aa9c065bebbc54.dir
      size: 39973788
      nfiles: 3
  blob:
    cmd: export STAGE=plot && python blob.py
    deps:
    - path: ../spqubolib/spqubolib/
      hash: md5
      md5: 9bd5ba508e242b152f1e60d67a6155e7.dir
      size: 3527192
      nfiles: 37
    - path: blob.py
      hash: md5
      md5: 37b936400d48a4dd87b4279b9bb520ff
      size: 4460
    - path: blob2_small.py
      hash: md5
      md5: 2af8119a093d23c152a5e33bcf7f5555
      size: 1484
    - path: blob_combined_plot.py
      hash: md5
      md5: 0f86612a9c907a766e69f171ab2743f5
      size: 2755
    - path: blob_plot.py
      hash: md5
      md5: 3a79b9a7bede9090b4707c0fa5ec7b8d
      size: 4520
    - path: run/
      hash: md5
      md5: 3f12c9f700321fda41aa9c065bebbc54.dir
      size: 39973788
      nfiles: 3
    outs:
    - path: images/blob/
      hash: md5
      md5: 1cda9eed8d5d6344e675bb7f570c911e.dir
      size: 492638
      nfiles: 3
  blob2small:
    cmd: export STAGE=plot && python blob2_small.py
    deps:
    - path: ../spqubolib/spqubolib/
      hash: md5
      md5: 9bd5ba508e242b152f1e60d67a6155e7.dir
      size: 3527192
      nfiles: 37
    - path: blob2_plot.py
      hash: md5
      md5: ce8affcdab330ec6538714db44f7f533
      size: 3523
    - path: blob2_small.py
      hash: md5
      md5: 2af8119a093d23c152a5e33bcf7f5555
      size: 1484
    - path: blob_experiment.py
      hash: md5
      md5: a9a380869e8b8cff47a8289f070c8a97
      size: 8834
    - path: blob_plot.py
      hash: md5
      md5: 3a79b9a7bede9090b4707c0fa5ec7b8d
      size: 4520
    outs:
    - path: images/blob2_small/
      hash: md5
      md5: 4013bd58502765907c636989f80b447c.dir
      size: 218168
      nfiles: 2
  placementrun:
    cmd: export STAGE=run && python placement.py
    deps:
    - path: ../spqubolib/spqubolib/
      hash: md5
      md5: 9bd5ba508e242b152f1e60d67a6155e7.dir
      size: 3527192
      nfiles: 37
    - path: placement.py
      hash: md5
      md5: bba95994d90b7ff03db1c0520d66056b
      size: 8128
    - path: placement_experiment.py
      hash: md5
      md5: bee9c8ea4ccbda005f1ab7371ee79fe3
      size: 10818
    outs:
    - path: run/
      hash: md5
      md5: 7ae7f51c559bc01118003c7b1cc039a7.dir
      size: 18202500
      nfiles: 2
  placementcomptime:
    cmd: export STAGE=comptime && python placement.py
    deps:
    - path: ../spqubolib/spqubolib/
      hash: md5
      md5: 9bd5ba508e242b152f1e60d67a6155e7.dir
      size: 3527192
      nfiles: 37
    - path: placement.py
      hash: md5
      md5: bba95994d90b7ff03db1c0520d66056b
      size: 8128
    - path: placement_experiment.py
      hash: md5
      md5: bee9c8ea4ccbda005f1ab7371ee79fe3
      size: 10818
    - path: run/
      hash: md5
      md5: 7ae7f51c559bc01118003c7b1cc039a7.dir
      size: 18202500
      nfiles: 2
    outs:
    - path: comptime/
      hash: md5
      md5: 45bd2dd1b78d6251303c3a1bc5fa07f5.dir
      size: 44198
      nfiles: 1
  placement:
    cmd: export STAGE=plot && python placement.py
    deps:
    - path: ../spqubolib/spqubolib/
      hash: md5
      md5: 9bd5ba508e242b152f1e60d67a6155e7.dir
      size: 3527192
      nfiles: 37
    - path: comptime/
      hash: md5
      md5: 45bd2dd1b78d6251303c3a1bc5fa07f5.dir
      size: 44198
      nfiles: 1
    - path: placement.py
      hash: md5
      md5: bba95994d90b7ff03db1c0520d66056b
      size: 8128
    - path: placement_plot.py
      hash: md5
      md5: 0bfa6435074597f1ab431cca11975be3
      size: 8251
    - path: run/
      hash: md5
      md5: 7ae7f51c559bc01118003c7b1cc039a7.dir
      size: 18202500
      nfiles: 2
    outs:
    - path: images/
      hash: md5
      md5: ca312470bc7b5fe7fffd0a25d5803aaa.dir
      size: 925039
      nfiles: 5
  hash:
    cmd: bash print_hash.sh > hash.txt
    deps:
    - path: clustering/images/blob/
      hash: md5
      md5: 1cda9eed8d5d6344e675bb7f570c911e.dir
      size: 492638
      nfiles: 3
    - path: clustering/images/blob2_small/
      hash: md5
      md5: 4013bd58502765907c636989f80b447c.dir
      size: 218168
      nfiles: 2
    - path: placement/images/
      hash: md5
      md5: ca312470bc7b5fe7fffd0a25d5803aaa.dir
      size: 925039
      nfiles: 5
    - path: print_hash.sh
      hash: md5
      md5: 23bee183478119c0808c125208533b22
      size: 502
    outs:
    - path: hash.txt
      hash: md5
      md5: 9c18d4e106a5745f1e93d0194c059bdd
      size: 742
