schema: '2.0'
stages:
  build:
    cmd: python setup.py build_ext --inplace
    deps:
    - path: interaction
      hash: md5
      md5: e0d064637051442006be687076045fca.dir
      size: 11141
      nfiles: 8
    outs:
    - path: build/lib.linux-aarch64-cpython-311/
      hash: md5
      md5: 10b05d6ab75bccb784058898f01e4c38.dir
      size: 1204024
      nfiles: 1
  blobnbc:
    cmd: bash ../nbconvert.sh blob.ipynb blob.py
    deps:
    - path: ../nbconvert.sh
      hash: md5
      md5: f70ecfab428722e30093706428318569
      size: 216
    - path: blob.ipynb
      hash: md5
      md5: 1c66dc89228718b371093ec2d9f7b9bf
      size: 10524
    outs:
    - path: blob.py
      hash: md5
      md5: bc92bce47602670be2b73897a9ce55cf
      size: 4603
  blob2smallnbc:
    cmd: bash ../nbconvert.sh blob2_small.ipynb blob2_small.py
    deps:
    - path: ../nbconvert.sh
      hash: md5
      md5: f70ecfab428722e30093706428318569
      size: 216
    - path: blob2_small.ipynb
      hash: md5
      md5: c05617de6466de22672273a2ccc0c310
      size: 46051
    outs:
    - path: blob2_small.py
      hash: md5
      md5: 2af8119a093d23c152a5e33bcf7f5555
      size: 1484
  placementnbc:
    cmd: bash ../nbconvert.sh placement.ipynb placement.py
    deps:
    - path: ../nbconvert.sh
      hash: md5
      md5: f70ecfab428722e30093706428318569
      size: 216
    - path: placement.ipynb
      hash: md5
      md5: 62c64b44da4154b47f69b2b9348a03ab
      size: 13427
    outs:
    - path: placement.py
      hash: md5
      md5: c41775a0405cf46fd6ce71b4e1ededf9
      size: 8164
  blobrun:
    cmd: export STAGE=run && python blob.py
    deps:
    - path: ../spqubolib/spqubolib/
      hash: md5
      md5: 9bd5ba508e242b152f1e60d67a6155e7.dir
      size: 3527192
      nfiles: 37
    - path: blob.py
      hash: md5
      md5: 8bdc0c10f0cc3a4153f281605db24483
      size: 4679
    - path: blob_experiment.py
      hash: md5
      md5: a9a380869e8b8cff47a8289f070c8a97
      size: 8834
    outs:
    - path: run/
      hash: md5
      md5: 3f12c9f700321fda41aa9c065bebbc54.dir
      size: 39973788
      nfiles: 3
  blob:
    cmd: export STAGE=plot && python blob.py
    deps:
    - path: ../spqubolib/spqubolib/
      hash: md5
      md5: 9bd5ba508e242b152f1e60d67a6155e7.dir
      size: 3527192
      nfiles: 37
    - path: blob.py
      hash: md5
      md5: bc92bce47602670be2b73897a9ce55cf
      size: 4603
    - path: blob2_small.py
      hash: md5
      md5: 2af8119a093d23c152a5e33bcf7f5555
      size: 1484
    - path: blob_combined_plot.py
      hash: md5
      md5: 729a25df652c0d5331624c08d0869ce2
      size: 2612
    - path: blob_plot.py
      hash: md5
      md5: ed6a90bfdeb821805dfa59407a50d5d2
      size: 4439
    - path: run/
      hash: md5
      md5: 3f12c9f700321fda41aa9c065bebbc54.dir
      size: 39973788
      nfiles: 3
    outs:
    - path: images/blob/
      hash: md5
      md5: a9fc5e77d1a87a34a87da1d29146664c.dir
      size: 498217
      nfiles: 3
  blob2small:
    cmd: export STAGE=plot && python blob2_small.py
    deps:
    - path: ../spqubolib/spqubolib/
      hash: md5
      md5: 9bd5ba508e242b152f1e60d67a6155e7.dir
      size: 3527192
      nfiles: 37
    - path: blob2_plot.py
      hash: md5
      md5: 2625e7b505f66222fb838b24d27852cb
      size: 3570
    - path: blob2_small.py
      hash: md5
      md5: 2af8119a093d23c152a5e33bcf7f5555
      size: 1484
    - path: blob_experiment.py
      hash: md5
      md5: a9a380869e8b8cff47a8289f070c8a97
      size: 8834
    - path: blob_plot.py
      hash: md5
      md5: ed6a90bfdeb821805dfa59407a50d5d2
      size: 4439
    outs:
    - path: images/blob2_small/
      hash: md5
      md5: 68d14d206e5e3d01c4e97e191607d9d6.dir
      size: 225092
      nfiles: 2
  placementrun:
    cmd: export STAGE=run && python placement.py
    deps:
    - path: ../spqubolib/spqubolib/
      hash: md5
      md5: 9bd5ba508e242b152f1e60d67a6155e7.dir
      size: 3527192
      nfiles: 37
    - path: placement.py
      hash: md5
      md5: 72f4fce58378a39a2c3151b594b8ca99
      size: 7932
    - path: placement_experiment.py
      hash: md5
      md5: bee9c8ea4ccbda005f1ab7371ee79fe3
      size: 10818
    outs:
    - path: run/
      hash: md5
      md5: 26c3a7b6727285173e20c62810cc031f.dir
      size: 18202500
      nfiles: 2
  placementcomptime:
    cmd: export STAGE=comptime && python placement.py
    deps:
    - path: ../spqubolib/spqubolib/
      hash: md5
      md5: 9bd5ba508e242b152f1e60d67a6155e7.dir
      size: 3527192
      nfiles: 37
    - path: placement.py
      hash: md5
      md5: 72f4fce58378a39a2c3151b594b8ca99
      size: 7932
    - path: placement_experiment.py
      hash: md5
      md5: bee9c8ea4ccbda005f1ab7371ee79fe3
      size: 10818
    - path: run/
      hash: md5
      md5: 26c3a7b6727285173e20c62810cc031f.dir
      size: 18202500
      nfiles: 2
    outs:
    - path: comptime/
      hash: md5
      md5: cea3cc32afdd888cbaf77cd6f94afc43.dir
      size: 44198
      nfiles: 1
  placement:
    cmd: export STAGE=plot && python placement.py
    deps:
    - path: ../spqubolib/spqubolib/
      hash: md5
      md5: 9bd5ba508e242b152f1e60d67a6155e7.dir
      size: 3527192
      nfiles: 37
    - path: comptime/
      hash: md5
      md5: cea3cc32afdd888cbaf77cd6f94afc43.dir
      size: 44198
      nfiles: 1
    - path: placement.py
      hash: md5
      md5: c41775a0405cf46fd6ce71b4e1ededf9
      size: 8164
    - path: placement_plot.py
      hash: md5
      md5: d7cb0ed97bd9084ee806b2ef44772692
      size: 8156
    - path: run/
      hash: md5
      md5: 26c3a7b6727285173e20c62810cc031f.dir
      size: 18202500
      nfiles: 2
    outs:
    - path: images/
      hash: md5
      md5: a7d7748efd81cc99cd26a8dbb8eeb6a7.dir
      size: 921853
      nfiles: 5
  hash:
    cmd: bash print_hash.sh > hash.txt
    deps:
    - path: clustering/images/blob/
      hash: md5
      md5: a9fc5e77d1a87a34a87da1d29146664c.dir
      size: 498217
      nfiles: 3
    - path: clustering/images/blob2_small/
      hash: md5
      md5: 68d14d206e5e3d01c4e97e191607d9d6.dir
      size: 225092
      nfiles: 2
    - path: placement/images/
      hash: md5
      md5: a7d7748efd81cc99cd26a8dbb8eeb6a7.dir
      size: 921853
      nfiles: 5
    - path: print_hash.sh
      hash: md5
      md5: 23bee183478119c0808c125208533b22
      size: 502
    outs:
    - path: hash.txt
      hash: md5
      md5: df4fc76e34c746d7c57475ff28bbce0d
      size: 760
